# Generated by Dagger. Pins the images and git refs this workspace uses.
# Any Dagger command may update this file; always commit it with your changes.
# Run `dagger lock update` to refresh the pinned versions.
[["version","2"]]
["","git-latest",["github.com/vito/agents",["tagPrefix","browser"]],"refs/tags/v0.0.2"]
["","git-latest",["github.com/vito/agents",["tagPrefix","committer"]],"refs/tags/v0.0.2"]
["","git-latest",["github.com/vito/agents",["tagPrefix","contributor"]],"refs/tags/v0.0.2"]
["","git-latest",["github.com/vito/agents",["tagPrefix","staff"]],"refs/tags/v0.0.2"]
["","git-latest",["github.com/vito/editor"],"refs/tags/v0.0.2"]
["","git-sha",["github.com/vito/agents","refs/tags/v0.0.2"],"0ebaad6228e50b48bb68accda3b07543d91d7817"]
["","git-sha",["github.com/vito/editor","refs/tags/v0.0.2"],"d7f110de1f5c09ecd00ae3e149d60f3169d89814"]